
Microsoft Visual Studio Solution File, Format Version 11.00
# Visual Studio 2010
Project("{8BC9CEB8-8B4A-11D0-8D11-00A0C91BC942}") = "git-svn-test", "git-svn-test\git-svn-test.vcxproj", "{57C4E25A-8919-48DE-81C8-2B4174E95012}"
EndProject
Global
	GlobalSection(SolutionConfigurationPlatforms) = preSolution
		Debug|Win32 = Debug|Win32
		Release|Win32 = Release|Win32
	EndGlobalSection
	GlobalSection(ProjectConfigurationPlatforms) = postSolution
		{57C4E25A-8919-48DE-81C8-2B4174E95012}.Debug|Win32.ActiveCfg = Debug|Win32
		{57C4E25A-8919-48DE-81C8-2B4174E95012}.Debug|Win32.Build.0 = Debug|Win32
		{57C4E25A-8919-48DE-81C8-2B4174E95012}.Release|Win32.ActiveCfg = Release|Win32
		{57C4E25A-8919-48DE-81C8-2B4174E95012}.Release|Win32.Build.0 = Release|Win32
	EndGlobalSection
	GlobalSection(SolutionProperties) = preSolution
		HideSolutionNode = FALSE
	EndGlobalSection
EndGlobal
